{
  "name": "api_express_g17_tup_utn",
  "version": "1.0.0",
  "lockfileVersion": 3,
  "requires": true,
  "packages": {
    "": {
      "name": "api_express_g17_tup_utn",
      "version": "1.0.0",
      "license": "ISC",
      "dependencies": {
        "api_express_g17_tup_utn": "file:"
      }
    },
    "node_modules/api_express_g17_tup_utn": {
      "resolved": "",
      "link": true
    }
  }
}
